
Microsoft Visual Studio Solution File, Format Version 12.00
# Visual Studio Version 16
VisualStudioVersion = 16.0.29827.131
MinimumVisualStudioVersion = 10.0.40219.1
Project("{9A19103F-16F7-4668-BE54-9A1E7A4F7556}") = "Landing.API", "Landing.API\Landing.API.csproj", "{E3324B9F-7FDF-4746-9C03-14DD15E9711C}"
EndProject
Project("{9A19103F-16F7-4668-BE54-9A1E7A4F7556}") = "PublicAPI", "PublicAPI\PublicAPI.csproj", "{4B5E5BAC-6B09-4D08-9C1D-4B212EF50FEA}"
EndProject
Project("{9A19103F-16F7-4668-BE54-9A1E7A4F7556}") = "Database", "Database\Database.csproj", "{997208CD-F611-4C9E-9A15-60D5821F9361}"
EndProject
Project("{9A19103F-16F7-4668-BE54-9A1E7A4F7556}") = "Models", "Models\Models.csproj", "{25E45246-E13A-45AD-BBD5-2C4F0FAD233D}"
EndProject
Project("{2150E333-8FDC-42A3-9474-1A3956D46DE8}") = "Solution Items", "Solution Items", "{21EB1CC4-507E-42C0-A717-73D6585B833D}"
	ProjectSection(SolutionItems) = preProject
		docker-compose.override.yml = docker-compose.override.yml
		docker-compose.production.yml = docker-compose.production.yml
		docker-compose.yml = docker-compose.yml
		README.md = README.md
	EndProjectSection
EndProject
Global
	GlobalSection(SolutionConfigurationPlatforms) = preSolution
		Debug|Any CPU = Debug|Any CPU
		Release|Any CPU = Release|Any CPU
	EndGlobalSection
	GlobalSection(ProjectConfigurationPlatforms) = postSolution
		{E3324B9F-7FDF-4746-9C03-14DD15E9711C}.Debug|Any CPU.ActiveCfg = Debug|Any CPU
		{E3324B9F-7FDF-4746-9C03-14DD15E9711C}.Debug|Any CPU.Build.0 = Debug|Any CPU
		{E3324B9F-7FDF-4746-9C03-14DD15E9711C}.Release|Any CPU.ActiveCfg = Release|Any CPU
		{E3324B9F-7FDF-4746-9C03-14DD15E9711C}.Release|Any CPU.Build.0 = Release|Any CPU
		{4B5E5BAC-6B09-4D08-9C1D-4B212EF50FEA}.Debug|Any CPU.ActiveCfg = Debug|Any CPU
		{4B5E5BAC-6B09-4D08-9C1D-4B212EF50FEA}.Debug|Any CPU.Build.0 = Debug|Any CPU
		{4B5E5BAC-6B09-4D08-9C1D-4B212EF50FEA}.Release|Any CPU.ActiveCfg = Release|Any CPU
		{4B5E5BAC-6B09-4D08-9C1D-4B212EF50FEA}.Release|Any CPU.Build.0 = Release|Any CPU
		{997208CD-F611-4C9E-9A15-60D5821F9361}.Debug|Any CPU.ActiveCfg = Debug|Any CPU
		{997208CD-F611-4C9E-9A15-60D5821F9361}.Debug|Any CPU.Build.0 = Debug|Any CPU
		{997208CD-F611-4C9E-9A15-60D5821F9361}.Release|Any CPU.ActiveCfg = Release|Any CPU
		{997208CD-F611-4C9E-9A15-60D5821F9361}.Release|Any CPU.Build.0 = Release|Any CPU
		{25E45246-E13A-45AD-BBD5-2C4F0FAD233D}.Debug|Any CPU.ActiveCfg = Debug|Any CPU
		{25E45246-E13A-45AD-BBD5-2C4F0FAD233D}.Debug|Any CPU.Build.0 = Debug|Any CPU
		{25E45246-E13A-45AD-BBD5-2C4F0FAD233D}.Release|Any CPU.ActiveCfg = Release|Any CPU
		{25E45246-E13A-45AD-BBD5-2C4F0FAD233D}.Release|Any CPU.Build.0 = Release|Any CPU
	EndGlobalSection
	GlobalSection(SolutionProperties) = preSolution
		HideSolutionNode = FALSE
	EndGlobalSection
	GlobalSection(ExtensibilityGlobals) = postSolution
		SolutionGuid = {E153904E-B06B-4484-AA1D-004D0BF7970C}
	EndGlobalSection
EndGlobal
